# This file is autogenerated, do not edit; changes may be undone by the next 'dep ensure'.


[[projects]]
  digest = "1:b1b1442d42f26fe8fb287256a4673d4138b0c3d255d9450b8a396c211e6cf21d"
  name = "github.com/awalterschulze/gographviz"
  packages = [
    ".",
    "ast",
    "internal/errors",
    "internal/lexer",
    "internal/parser",
    "internal/token",
  ]
  pruneopts = "UT"
  revision = "c84395e536e1a1199093a4e6253d1bee99e4cd2a"
  version = "v2.0"

[[projects]]
  digest = "1:c1b1102241e7f645bc8e0c22ae352e8f0dc6484b6cb4d132fa9f24174e0119e2"
  name = "github.com/spf13/pflag"
  packages = ["."]
  pruneopts = "UT"
  revision = "298182f68c66c05229eb03ac171abe6e309ee79a"
  version = "v1.0.3"

[solve-meta]
  analyzer-name = "dep"
  analyzer-version = 1
  input-imports = [
    "github.com/awalterschulze/gographviz",
    "github.com/spf13/pflag",
  ]
  solver-name = "gps-cdcl"
  solver-version = 1
